
Microsoft Visual Studio Solution File, Format Version 12.00
# Visual Studio 15
Project("{FAE04EC0-301F-11D3-BF4B-00C04F79EFBC}") = "UnityEngine.TestRunner", "UnityEngine.TestRunner.csproj", "{BB702961-932A-6633-A92D-706F5FF5DEFE}"
EndProject
Project("{FAE04EC0-301F-11D3-BF4B-00C04F79EFBC}") = "Unity.Mathematics", "Unity.Mathematics.csproj", "{F3351D23-3895-009C-7E84-25CB61F60448}"
EndProject
Project("{FAE04EC0-301F-11D3-BF4B-00C04F79EFBC}") = "Unity.2D.Animation.Triangle.Runtime", "Unity.2D.Animation.Triangle.Runtime.csproj", "{4AC65EEC-4969-CC7E-F44E-258ADA045580}"
EndProject
Project("{FAE04EC0-301F-11D3-BF4B-00C04F79EFBC}") = "LDtkUnity.Runtime", "LDtkUnity.Runtime.csproj", "{18CFDA23-8BCC-7567-1CD4-70B5F8CCB0B9}"
EndProject
Project("{FAE04EC0-301F-11D3-BF4B-00C04F79EFBC}") = "Unity.Timeline", "Unity.Timeline.csproj", "{81F36E45-9347-EAC8-4B9A-BF00E361EAF6}"
EndProject
Project("{FAE04EC0-301F-11D3-BF4B-00C04F79EFBC}") = "UnityEngine.UI", "UnityEngine.UI.csproj", "{70DBC03D-1FEB-EEE3-09B8-3AE350E45029}"
EndProject
Project("{FAE04EC0-301F-11D3-BF4B-00C04F79EFBC}") = "Unity.TextMeshPro", "Unity.TextMeshPro.csproj", "{83FB828A-75DA-6830-D093-D1033C9859A7}"
EndProject
Project("{FAE04EC0-301F-11D3-BF4B-00C04F79EFBC}") = "Unity.2D.Animation.Runtime", "Unity.2D.Animation.Runtime.csproj", "{62696E16-9BBC-0CF8-4325-9D9A847DC5AD}"
EndProject
Project("{FAE04EC0-301F-11D3-BF4B-00C04F79EFBC}") = "Unity.2D.IK.Runtime", "Unity.2D.IK.Runtime.csproj", "{D119F5D2-A0D6-1DD4-DD6B-9003002E1771}"
EndProject
Project("{FAE04EC0-301F-11D3-BF4B-00C04F79EFBC}") = "Unity.2D.SpriteShape.Runtime", "Unity.2D.SpriteShape.Runtime.csproj", "{4DAC639F-A419-0EF4-E9F5-1A666351D535}"
EndProject
Project("{FAE04EC0-301F-11D3-BF4B-00C04F79EFBC}") = "Assembly-CSharp", "Assembly-CSharp.csproj", "{5B254928-4621-23D2-19A4-25C280831B41}"
EndProject
Project("{FAE04EC0-301F-11D3-BF4B-00C04F79EFBC}") = "Unity.2D.PixelPerfect", "Unity.2D.PixelPerfect.csproj", "{A8113F03-6AAC-8EFB-DB09-EE6214EC0A0F}"
EndProject
Project("{FAE04EC0-301F-11D3-BF4B-00C04F79EFBC}") = "Unity.2D.Common.Runtime", "Unity.2D.Common.Runtime.csproj", "{8459EC73-2B1F-697D-6E48-A5061DB625FA}"
EndProject
Project("{FAE04EC0-301F-11D3-BF4B-00C04F79EFBC}") = "Unity.InternalAPIEngineBridge.001", "Unity.InternalAPIEngineBridge.001.csproj", "{5C663851-419B-6789-4EDD-8098FE2C0A64}"
EndProject
Project("{FAE04EC0-301F-11D3-BF4B-00C04F79EFBC}") = "Unity.2D.Animation.Editor", "Unity.2D.Animation.Editor.csproj", "{4E2F23D3-9A55-9519-9E1C-6FFB92F9BD06}"
EndProject
Project("{FAE04EC0-301F-11D3-BF4B-00C04F79EFBC}") = "UnityEditor.TestRunner", "UnityEditor.TestRunner.csproj", "{C3ADA718-6AF5-0A2A-3376-151F73FFD3F7}"
EndProject
Project("{FAE04EC0-301F-11D3-BF4B-00C04F79EFBC}") = "Unity.PlasticSCM.Editor", "Unity.PlasticSCM.Editor.csproj", "{7E4D6094-D1FC-0E59-07EA-9E50E6430EE1}"
EndProject
Project("{FAE04EC0-301F-11D3-BF4B-00C04F79EFBC}") = "UnityEditor.UI", "UnityEditor.UI.csproj", "{E19AAE00-6D6C-C2D2-9F75-77F4FFBFCB5A}"
EndProject
Project("{FAE04EC0-301F-11D3-BF4B-00C04F79EFBC}") = "Unity.Services.Core.Editor", "Unity.Services.Core.Editor.csproj", "{05C2645F-265E-E137-E169-65610BFDB0AB}"
EndProject
Project("{FAE04EC0-301F-11D3-BF4B-00C04F79EFBC}") = "LDtkUnity.Editor", "LDtkUnity.Editor.csproj", "{AB1E908A-2934-D36E-9821-1B248FC83C27}"
EndProject
Project("{FAE04EC0-301F-11D3-BF4B-00C04F79EFBC}") = "Unity.VisualStudio.Editor", "Unity.VisualStudio.Editor.csproj", "{AFC5DDF2-D0F3-1176-5BF1-ABEDF16CFA66}"
EndProject
Project("{FAE04EC0-301F-11D3-BF4B-00C04F79EFBC}") = "Unity.Timeline.Editor", "Unity.Timeline.Editor.csproj", "{A5847938-64DA-990F-90D6-4CE79FE2B9ED}"
EndProject
Project("{FAE04EC0-301F-11D3-BF4B-00C04F79EFBC}") = "Unity.2D.Psdimporter.Editor", "Unity.2D.Psdimporter.Editor.csproj", "{CECC6692-2BA5-C5B8-D06C-3477ABEF0189}"
EndProject
Project("{FAE04EC0-301F-11D3-BF4B-00C04F79EFBC}") = "Unity.TextMeshPro.Editor", "Unity.TextMeshPro.Editor.csproj", "{FD408169-D8A3-4A93-87EB-3EFEAE2BE146}"
EndProject
Project("{FAE04EC0-301F-11D3-BF4B-00C04F79EFBC}") = "Unity.2D.SpriteShape.Editor", "Unity.2D.SpriteShape.Editor.csproj", "{288216EA-A1FF-8CA1-953A-263095B6A377}"
EndProject
Project("{FAE04EC0-301F-11D3-BF4B-00C04F79EFBC}") = "Unity.CollabProxy.Editor", "Unity.CollabProxy.Editor.csproj", "{9EC64A2E-F936-58EF-D113-1D23896156DC}"
EndProject
Project("{FAE04EC0-301F-11D3-BF4B-00C04F79EFBC}") = "PsdPlugin", "PsdPlugin.csproj", "{A3B527B1-2572-5456-DBAD-FCF32B5AC2B5}"
EndProject
Project("{FAE04EC0-301F-11D3-BF4B-00C04F79EFBC}") = "Unity.2D.Path.Editor", "Unity.2D.Path.Editor.csproj", "{F52D4280-8154-6B55-69F4-E5EBACD4CCEC}"
EndProject
Project("{FAE04EC0-301F-11D3-BF4B-00C04F79EFBC}") = "Unity.Rider.Editor", "Unity.Rider.Editor.csproj", "{A9AE2FBC-CB99-0E32-5A73-3B85C85AD620}"
EndProject
Project("{FAE04EC0-301F-11D3-BF4B-00C04F79EFBC}") = "Unity.2D.IK.Editor", "Unity.2D.IK.Editor.csproj", "{84C48C44-76ED-4259-D5E9-502CBEAC3795}"
EndProject
Project("{FAE04EC0-301F-11D3-BF4B-00C04F79EFBC}") = "Unity.2D.Sprite.Editor", "Unity.2D.Sprite.Editor.csproj", "{F0FD9CDA-4255-C384-D148-C889F90A9595}"
EndProject
Project("{FAE04EC0-301F-11D3-BF4B-00C04F79EFBC}") = "Unity.2D.Tilemap.Editor", "Unity.2D.Tilemap.Editor.csproj", "{33E13D40-B5A5-2EA7-FADD-F4932F8862EE}"
EndProject
Project("{FAE04EC0-301F-11D3-BF4B-00C04F79EFBC}") = "Unity.2D.PixelPerfect.Editor", "Unity.2D.PixelPerfect.Editor.csproj", "{99C6569D-516C-BEEA-A652-5E0682DF07E1}"
EndProject
Project("{FAE04EC0-301F-11D3-BF4B-00C04F79EFBC}") = "Unity.VSCode.Editor", "Unity.VSCode.Editor.csproj", "{53347D0F-07CA-73B1-50F1-6695E2EB7153}"
EndProject
Project("{FAE04EC0-301F-11D3-BF4B-00C04F79EFBC}") = "Unity.2D.Common.Editor", "Unity.2D.Common.Editor.csproj", "{D212E93D-9BDF-2CBB-532D-E4F0D6F9E4DF}"
EndProject
Project("{FAE04EC0-301F-11D3-BF4B-00C04F79EFBC}") = "Unity.Mathematics.Editor", "Unity.Mathematics.Editor.csproj", "{4E8EE6E3-4285-244B-08DC-858B1A440489}"
EndProject
Project("{FAE04EC0-301F-11D3-BF4B-00C04F79EFBC}") = "Unity.InternalAPIEditorBridge.001", "Unity.InternalAPIEditorBridge.001.csproj", "{DFC5D592-1B8D-4086-6D72-B30B0D82E1FA}"
EndProject
Project("{FAE04EC0-301F-11D3-BF4B-00C04F79EFBC}") = "UnityEngine.TestRunner", "UnityEngine.TestRunner.Player.csproj", "{87D3A4E0-C4B7-440F-BE2A-39DB251166B2}"
EndProject
Project("{FAE04EC0-301F-11D3-BF4B-00C04F79EFBC}") = "Unity.Mathematics", "Unity.Mathematics.Player.csproj", "{66560A6B-D25D-CBEA-2130-1528D20FD1AB}"
EndProject
Project("{FAE04EC0-301F-11D3-BF4B-00C04F79EFBC}") = "Unity.2D.Animation.Triangle.Runtime", "Unity.2D.Animation.Triangle.Runtime.Player.csproj", "{85CDE378-E67E-7BE3-82DC-5D657DA2EE65}"
EndProject
Project("{FAE04EC0-301F-11D3-BF4B-00C04F79EFBC}") = "LDtkUnity.Runtime", "LDtkUnity.Runtime.Player.csproj", "{8F18E25B-3336-2F42-F59E-56813378C614}"
EndProject
Project("{FAE04EC0-301F-11D3-BF4B-00C04F79EFBC}") = "Unity.Timeline", "Unity.Timeline.Player.csproj", "{92ACCE5D-D19D-461D-52E5-5442C4F870D5}"
EndProject
Project("{FAE04EC0-301F-11D3-BF4B-00C04F79EFBC}") = "UnityEngine.UI", "UnityEngine.UI.Player.csproj", "{87E55AB9-4D21-8D69-CC2E-3C3958C6254E}"
EndProject
Project("{FAE04EC0-301F-11D3-BF4B-00C04F79EFBC}") = "Unity.TextMeshPro", "Unity.TextMeshPro.Player.csproj", "{6691F56A-4D8E-A948-263B-FCF3C2E3C537}"
EndProject
Project("{FAE04EC0-301F-11D3-BF4B-00C04F79EFBC}") = "Unity.2D.Animation.Runtime", "Unity.2D.Animation.Runtime.Player.csproj", "{AA7E005E-0461-AB8E-A4F6-E388077024A9}"
EndProject
Project("{FAE04EC0-301F-11D3-BF4B-00C04F79EFBC}") = "Unity.2D.IK.Runtime", "Unity.2D.IK.Runtime.Player.csproj", "{65BBC116-E1B2-3470-2F76-E6A30ECC5783}"
EndProject
Project("{FAE04EC0-301F-11D3-BF4B-00C04F79EFBC}") = "Unity.2D.SpriteShape.Runtime", "Unity.2D.SpriteShape.Runtime.Player.csproj", "{DAFBCE9D-EB7E-DBD8-8C4D-DDEEF81BDD6F}"
EndProject
Project("{FAE04EC0-301F-11D3-BF4B-00C04F79EFBC}") = "Assembly-CSharp", "Assembly-CSharp.Player.csproj", "{779D3F6A-374E-D644-AD37-E3565119928D}"
EndProject
Project("{FAE04EC0-301F-11D3-BF4B-00C04F79EFBC}") = "Unity.2D.PixelPerfect", "Unity.2D.PixelPerfect.Player.csproj", "{7694A3FF-56B9-AC38-C6DA-51520BB8001E}"
EndProject
Project("{FAE04EC0-301F-11D3-BF4B-00C04F79EFBC}") = "Unity.2D.Common.Runtime", "Unity.2D.Common.Runtime.Player.csproj", "{EFDADDD3-0C0D-EC0B-8FF1-B474A2065A70}"
EndProject
Project("{FAE04EC0-301F-11D3-BF4B-00C04F79EFBC}") = "Unity.InternalAPIEngineBridge.001", "Unity.InternalAPIEngineBridge.001.Player.csproj", "{C11E15E5-E0F4-9357-487B-DF0D6E9BC7C7}"
EndProject
Global
	GlobalSection(SolutionConfigurationPlatforms) = preSolution
		Debug|Any CPU = Debug|Any CPU
		Release|Any CPU = Release|Any CPU
	EndGlobalSection
	GlobalSection(ProjectConfigurationPlatforms) = postSolution
		{BB702961-932A-6633-A92D-706F5FF5DEFE}.Debug|Any CPU.ActiveCfg = Debug|Any CPU
		{BB702961-932A-6633-A92D-706F5FF5DEFE}.Debug|Any CPU.Build.0 = Debug|Any CPU
		{BB702961-932A-6633-A92D-706F5FF5DEFE}.Release|Any CPU.ActiveCfg = Release|Any CPU
		{BB702961-932A-6633-A92D-706F5FF5DEFE}.Release|Any CPU.Build.0 = Release|Any CPU
		{F3351D23-3895-009C-7E84-25CB61F60448}.Debug|Any CPU.ActiveCfg = Debug|Any CPU
		{F3351D23-3895-009C-7E84-25CB61F60448}.Debug|Any CPU.Build.0 = Debug|Any CPU
		{F3351D23-3895-009C-7E84-25CB61F60448}.Release|Any CPU.ActiveCfg = Release|Any CPU
		{F3351D23-3895-009C-7E84-25CB61F60448}.Release|Any CPU.Build.0 = Release|Any CPU
		{4AC65EEC-4969-CC7E-F44E-258ADA045580}.Debug|Any CPU.ActiveCfg = Debug|Any CPU
		{4AC65EEC-4969-CC7E-F44E-258ADA045580}.Debug|Any CPU.Build.0 = Debug|Any CPU
		{4AC65EEC-4969-CC7E-F44E-258ADA045580}.Release|Any CPU.ActiveCfg = Release|Any CPU
		{4AC65EEC-4969-CC7E-F44E-258ADA045580}.Release|Any CPU.Build.0 = Release|Any CPU
		{18CFDA23-8BCC-7567-1CD4-70B5F8CCB0B9}.Debug|Any CPU.ActiveCfg = Debug|Any CPU
		{18CFDA23-8BCC-7567-1CD4-70B5F8CCB0B9}.Debug|Any CPU.Build.0 = Debug|Any CPU
		{18CFDA23-8BCC-7567-1CD4-70B5F8CCB0B9}.Release|Any CPU.ActiveCfg = Release|Any CPU
		{18CFDA23-8BCC-7567-1CD4-70B5F8CCB0B9}.Release|Any CPU.Build.0 = Release|Any CPU
		{81F36E45-9347-EAC8-4B9A-BF00E361EAF6}.Debug|Any CPU.ActiveCfg = Debug|Any CPU
		{81F36E45-9347-EAC8-4B9A-BF00E361EAF6}.Debug|Any CPU.Build.0 = Debug|Any CPU
		{81F36E45-9347-EAC8-4B9A-BF00E361EAF6}.Release|Any CPU.ActiveCfg = Release|Any CPU
		{81F36E45-9347-EAC8-4B9A-BF00E361EAF6}.Release|Any CPU.Build.0 = Release|Any CPU
		{70DBC03D-1FEB-EEE3-09B8-3AE350E45029}.Debug|Any CPU.ActiveCfg = Debug|Any CPU
		{70DBC03D-1FEB-EEE3-09B8-3AE350E45029}.Debug|Any CPU.Build.0 = Debug|Any CPU
		{70DBC03D-1FEB-EEE3-09B8-3AE350E45029}.Release|Any CPU.ActiveCfg = Release|Any CPU
		{70DBC03D-1FEB-EEE3-09B8-3AE350E45029}.Release|Any CPU.Build.0 = Release|Any CPU
		{83FB828A-75DA-6830-D093-D1033C9859A7}.Debug|Any CPU.ActiveCfg = Debug|Any CPU
		{83FB828A-75DA-6830-D093-D1033C9859A7}.Debug|Any CPU.Build.0 = Debug|Any CPU
		{83FB828A-75DA-6830-D093-D1033C9859A7}.Release|Any CPU.ActiveCfg = Release|Any CPU
		{83FB828A-75DA-6830-D093-D1033C9859A7}.Release|Any CPU.Build.0 = Release|Any CPU
		{62696E16-9BBC-0CF8-4325-9D9A847DC5AD}.Debug|Any CPU.ActiveCfg = Debug|Any CPU
		{62696E16-9BBC-0CF8-4325-9D9A847DC5AD}.Debug|Any CPU.Build.0 = Debug|Any CPU
		{62696E16-9BBC-0CF8-4325-9D9A847DC5AD}.Release|Any CPU.ActiveCfg = Release|Any CPU
		{62696E16-9BBC-0CF8-4325-9D9A847DC5AD}.Release|Any CPU.Build.0 = Release|Any CPU
		{D119F5D2-A0D6-1DD4-DD6B-9003002E1771}.Debug|Any CPU.ActiveCfg = Debug|Any CPU
		{D119F5D2-A0D6-1DD4-DD6B-9003002E1771}.Debug|Any CPU.Build.0 = Debug|Any CPU
		{D119F5D2-A0D6-1DD4-DD6B-9003002E1771}.Release|Any CPU.ActiveCfg = Release|Any CPU
		{D119F5D2-A0D6-1DD4-DD6B-9003002E1771}.Release|Any CPU.Build.0 = Release|Any CPU
		{4DAC639F-A419-0EF4-E9F5-1A666351D535}.Debug|Any CPU.ActiveCfg = Debug|Any CPU
		{4DAC639F-A419-0EF4-E9F5-1A666351D535}.Debug|Any CPU.Build.0 = Debug|Any CPU
		{4DAC639F-A419-0EF4-E9F5-1A666351D535}.Release|Any CPU.ActiveCfg = Release|Any CPU
		{4DAC639F-A419-0EF4-E9F5-1A666351D535}.Release|Any CPU.Build.0 = Release|Any CPU
		{5B254928-4621-23D2-19A4-25C280831B41}.Debug|Any CPU.ActiveCfg = Debug|Any CPU
		{5B254928-4621-23D2-19A4-25C280831B41}.Debug|Any CPU.Build.0 = Debug|Any CPU
		{5B254928-4621-23D2-19A4-25C280831B41}.Release|Any CPU.ActiveCfg = Release|Any CPU
		{5B254928-4621-23D2-19A4-25C280831B41}.Release|Any CPU.Build.0 = Release|Any CPU
		{A8113F03-6AAC-8EFB-DB09-EE6214EC0A0F}.Debug|Any CPU.ActiveCfg = Debug|Any CPU
		{A8113F03-6AAC-8EFB-DB09-EE6214EC0A0F}.Debug|Any CPU.Build.0 = Debug|Any CPU
		{A8113F03-6AAC-8EFB-DB09-EE6214EC0A0F}.Release|Any CPU.ActiveCfg = Release|Any CPU
		{A8113F03-6AAC-8EFB-DB09-EE6214EC0A0F}.Release|Any CPU.Build.0 = Release|Any CPU
		{8459EC73-2B1F-697D-6E48-A5061DB625FA}.Debug|Any CPU.ActiveCfg = Debug|Any CPU
		{8459EC73-2B1F-697D-6E48-A5061DB625FA}.Debug|Any CPU.Build.0 = Debug|Any CPU
		{8459EC73-2B1F-697D-6E48-A5061DB625FA}.Release|Any CPU.ActiveCfg = Release|Any CPU
		{8459EC73-2B1F-697D-6E48-A5061DB625FA}.Release|Any CPU.Build.0 = Release|Any CPU
		{5C663851-419B-6789-4EDD-8098FE2C0A64}.Debug|Any CPU.ActiveCfg = Debug|Any CPU
		{5C663851-419B-6789-4EDD-8098FE2C0A64}.Debug|Any CPU.Build.0 = Debug|Any CPU
		{5C663851-419B-6789-4EDD-8098FE2C0A64}.Release|Any CPU.ActiveCfg = Release|Any CPU
		{5C663851-419B-6789-4EDD-8098FE2C0A64}.Release|Any CPU.Build.0 = Release|Any CPU
		{4E2F23D3-9A55-9519-9E1C-6FFB92F9BD06}.Debug|Any CPU.ActiveCfg = Debug|Any CPU
		{4E2F23D3-9A55-9519-9E1C-6FFB92F9BD06}.Debug|Any CPU.Build.0 = Debug|Any CPU
		{4E2F23D3-9A55-9519-9E1C-6FFB92F9BD06}.Release|Any CPU.ActiveCfg = Release|Any CPU
		{4E2F23D3-9A55-9519-9E1C-6FFB92F9BD06}.Release|Any CPU.Build.0 = Release|Any CPU
		{C3ADA718-6AF5-0A2A-3376-151F73FFD3F7}.Debug|Any CPU.ActiveCfg = Debug|Any CPU
		{C3ADA718-6AF5-0A2A-3376-151F73FFD3F7}.Debug|Any CPU.Build.0 = Debug|Any CPU
		{C3ADA718-6AF5-0A2A-3376-151F73FFD3F7}.Release|Any CPU.ActiveCfg = Release|Any CPU
		{C3ADA718-6AF5-0A2A-3376-151F73FFD3F7}.Release|Any CPU.Build.0 = Release|Any CPU
		{7E4D6094-D1FC-0E59-07EA-9E50E6430EE1}.Debug|Any CPU.ActiveCfg = Debug|Any CPU
		{7E4D6094-D1FC-0E59-07EA-9E50E6430EE1}.Debug|Any CPU.Build.0 = Debug|Any CPU
		{7E4D6094-D1FC-0E59-07EA-9E50E6430EE1}.Release|Any CPU.ActiveCfg = Release|Any CPU
		{7E4D6094-D1FC-0E59-07EA-9E50E6430EE1}.Release|Any CPU.Build.0 = Release|Any CPU
		{E19AAE00-6D6C-C2D2-9F75-77F4FFBFCB5A}.Debug|Any CPU.ActiveCfg = Debug|Any CPU
		{E19AAE00-6D6C-C2D2-9F75-77F4FFBFCB5A}.Debug|Any CPU.Build.0 = Debug|Any CPU
		{E19AAE00-6D6C-C2D2-9F75-77F4FFBFCB5A}.Release|Any CPU.ActiveCfg = Release|Any CPU
		{E19AAE00-6D6C-C2D2-9F75-77F4FFBFCB5A}.Release|Any CPU.Build.0 = Release|Any CPU
		{05C2645F-265E-E137-E169-65610BFDB0AB}.Debug|Any CPU.ActiveCfg = Debug|Any CPU
		{05C2645F-265E-E137-E169-65610BFDB0AB}.Debug|Any CPU.Build.0 = Debug|Any CPU
		{05C2645F-265E-E137-E169-65610BFDB0AB}.Release|Any CPU.ActiveCfg = Release|Any CPU
		{05C2645F-265E-E137-E169-65610BFDB0AB}.Release|Any CPU.Build.0 = Release|Any CPU
		{AB1E908A-2934-D36E-9821-1B248FC83C27}.Debug|Any CPU.ActiveCfg = Debug|Any CPU
		{AB1E908A-2934-D36E-9821-1B248FC83C27}.Debug|Any CPU.Build.0 = Debug|Any CPU
		{AB1E908A-2934-D36E-9821-1B248FC83C27}.Release|Any CPU.ActiveCfg = Release|Any CPU
		{AB1E908A-2934-D36E-9821-1B248FC83C27}.Release|Any CPU.Build.0 = Release|Any CPU
		{AFC5DDF2-D0F3-1176-5BF1-ABEDF16CFA66}.Debug|Any CPU.ActiveCfg = Debug|Any CPU
		{AFC5DDF2-D0F3-1176-5BF1-ABEDF16CFA66}.Debug|Any CPU.Build.0 = Debug|Any CPU
		{AFC5DDF2-D0F3-1176-5BF1-ABEDF16CFA66}.Release|Any CPU.ActiveCfg = Release|Any CPU
		{AFC5DDF2-D0F3-1176-5BF1-ABEDF16CFA66}.Release|Any CPU.Build.0 = Release|Any CPU
		{A5847938-64DA-990F-90D6-4CE79FE2B9ED}.Debug|Any CPU.ActiveCfg = Debug|Any CPU
		{A5847938-64DA-990F-90D6-4CE79FE2B9ED}.Debug|Any CPU.Build.0 = Debug|Any CPU
		{A5847938-64DA-990F-90D6-4CE79FE2B9ED}.Release|Any CPU.ActiveCfg = Release|Any CPU
		{A5847938-64DA-990F-90D6-4CE79FE2B9ED}.Release|Any CPU.Build.0 = Release|Any CPU
		{CECC6692-2BA5-C5B8-D06C-3477ABEF0189}.Debug|Any CPU.ActiveCfg = Debug|Any CPU
		{CECC6692-2BA5-C5B8-D06C-3477ABEF0189}.Debug|Any CPU.Build.0 = Debug|Any CPU
		{CECC6692-2BA5-C5B8-D06C-3477ABEF0189}.Release|Any CPU.ActiveCfg = Release|Any CPU
		{CECC6692-2BA5-C5B8-D06C-3477ABEF0189}.Release|Any CPU.Build.0 = Release|Any CPU
		{FD408169-D8A3-4A93-87EB-3EFEAE2BE146}.Debug|Any CPU.ActiveCfg = Debug|Any CPU
		{FD408169-D8A3-4A93-87EB-3EFEAE2BE146}.Debug|Any CPU.Build.0 = Debug|Any CPU
		{FD408169-D8A3-4A93-87EB-3EFEAE2BE146}.Release|Any CPU.ActiveCfg = Release|Any CPU
		{FD408169-D8A3-4A93-87EB-3EFEAE2BE146}.Release|Any CPU.Build.0 = Release|Any CPU
		{288216EA-A1FF-8CA1-953A-263095B6A377}.Debug|Any CPU.ActiveCfg = Debug|Any CPU
		{288216EA-A1FF-8CA1-953A-263095B6A377}.Debug|Any CPU.Build.0 = Debug|Any CPU
		{288216EA-A1FF-8CA1-953A-263095B6A377}.Release|Any CPU.ActiveCfg = Release|Any CPU
		{288216EA-A1FF-8CA1-953A-263095B6A377}.Release|Any CPU.Build.0 = Release|Any CPU
		{9EC64A2E-F936-58EF-D113-1D23896156DC}.Debug|Any CPU.ActiveCfg = Debug|Any CPU
		{9EC64A2E-F936-58EF-D113-1D23896156DC}.Debug|Any CPU.Build.0 = Debug|Any CPU
		{9EC64A2E-F936-58EF-D113-1D23896156DC}.Release|Any CPU.ActiveCfg = Release|Any CPU
		{9EC64A2E-F936-58EF-D113-1D23896156DC}.Release|Any CPU.Build.0 = Release|Any CPU
		{A3B527B1-2572-5456-DBAD-FCF32B5AC2B5}.Debug|Any CPU.ActiveCfg = Debug|Any CPU
		{A3B527B1-2572-5456-DBAD-FCF32B5AC2B5}.Debug|Any CPU.Build.0 = Debug|Any CPU
		{A3B527B1-2572-5456-DBAD-FCF32B5AC2B5}.Release|Any CPU.ActiveCfg = Release|Any CPU
		{A3B527B1-2572-5456-DBAD-FCF32B5AC2B5}.Release|Any CPU.Build.0 = Release|Any CPU
		{F52D4280-8154-6B55-69F4-E5EBACD4CCEC}.Debug|Any CPU.ActiveCfg = Debug|Any CPU
		{F52D4280-8154-6B55-69F4-E5EBACD4CCEC}.Debug|Any CPU.Build.0 = Debug|Any CPU
		{F52D4280-8154-6B55-69F4-E5EBACD4CCEC}.Release|Any CPU.ActiveCfg = Release|Any CPU
		{F52D4280-8154-6B55-69F4-E5EBACD4CCEC}.Release|Any CPU.Build.0 = Release|Any CPU
		{A9AE2FBC-CB99-0E32-5A73-3B85C85AD620}.Debug|Any CPU.ActiveCfg = Debug|Any CPU
		{A9AE2FBC-CB99-0E32-5A73-3B85C85AD620}.Debug|Any CPU.Build.0 = Debug|Any CPU
		{A9AE2FBC-CB99-0E32-5A73-3B85C85AD620}.Release|Any CPU.ActiveCfg = Release|Any CPU
		{A9AE2FBC-CB99-0E32-5A73-3B85C85AD620}.Release|Any CPU.Build.0 = Release|Any CPU
		{84C48C44-76ED-4259-D5E9-502CBEAC3795}.Debug|Any CPU.ActiveCfg = Debug|Any CPU
		{84C48C44-76ED-4259-D5E9-502CBEAC3795}.Debug|Any CPU.Build.0 = Debug|Any CPU
		{84C48C44-76ED-4259-D5E9-502CBEAC3795}.Release|Any CPU.ActiveCfg = Release|Any CPU
		{84C48C44-76ED-4259-D5E9-502CBEAC3795}.Release|Any CPU.Build.0 = Release|Any CPU
		{F0FD9CDA-4255-C384-D148-C889F90A9595}.Debug|Any CPU.ActiveCfg = Debug|Any CPU
		{F0FD9CDA-4255-C384-D148-C889F90A9595}.Debug|Any CPU.Build.0 = Debug|Any CPU
		{F0FD9CDA-4255-C384-D148-C889F90A9595}.Release|Any CPU.ActiveCfg = Release|Any CPU
		{F0FD9CDA-4255-C384-D148-C889F90A9595}.Release|Any CPU.Build.0 = Release|Any CPU
		{33E13D40-B5A5-2EA7-FADD-F4932F8862EE}.Debug|Any CPU.ActiveCfg = Debug|Any CPU
		{33E13D40-B5A5-2EA7-FADD-F4932F8862EE}.Debug|Any CPU.Build.0 = Debug|Any CPU
		{33E13D40-B5A5-2EA7-FADD-F4932F8862EE}.Release|Any CPU.ActiveCfg = Release|Any CPU
		{33E13D40-B5A5-2EA7-FADD-F4932F8862EE}.Release|Any CPU.Build.0 = Release|Any CPU
		{99C6569D-516C-BEEA-A652-5E0682DF07E1}.Debug|Any CPU.ActiveCfg = Debug|Any CPU
		{99C6569D-516C-BEEA-A652-5E0682DF07E1}.Debug|Any CPU.Build.0 = Debug|Any CPU
		{99C6569D-516C-BEEA-A652-5E0682DF07E1}.Release|Any CPU.ActiveCfg = Release|Any CPU
		{99C6569D-516C-BEEA-A652-5E0682DF07E1}.Release|Any CPU.Build.0 = Release|Any CPU
		{53347D0F-07CA-73B1-50F1-6695E2EB7153}.Debug|Any CPU.ActiveCfg = Debug|Any CPU
		{53347D0F-07CA-73B1-50F1-6695E2EB7153}.Debug|Any CPU.Build.0 = Debug|Any CPU
		{53347D0F-07CA-73B1-50F1-6695E2EB7153}.Release|Any CPU.ActiveCfg = Release|Any CPU
		{53347D0F-07CA-73B1-50F1-6695E2EB7153}.Release|Any CPU.Build.0 = Release|Any CPU
		{D212E93D-9BDF-2CBB-532D-E4F0D6F9E4DF}.Debug|Any CPU.ActiveCfg = Debug|Any CPU
		{D212E93D-9BDF-2CBB-532D-E4F0D6F9E4DF}.Debug|Any CPU.Build.0 = Debug|Any CPU
		{D212E93D-9BDF-2CBB-532D-E4F0D6F9E4DF}.Release|Any CPU.ActiveCfg = Release|Any CPU
		{D212E93D-9BDF-2CBB-532D-E4F0D6F9E4DF}.Release|Any CPU.Build.0 = Release|Any CPU
		{4E8EE6E3-4285-244B-08DC-858B1A440489}.Debug|Any CPU.ActiveCfg = Debug|Any CPU
		{4E8EE6E3-4285-244B-08DC-858B1A440489}.Debug|Any CPU.Build.0 = Debug|Any CPU
		{4E8EE6E3-4285-244B-08DC-858B1A440489}.Release|Any CPU.ActiveCfg = Release|Any CPU
		{4E8EE6E3-4285-244B-08DC-858B1A440489}.Release|Any CPU.Build.0 = Release|Any CPU
		{DFC5D592-1B8D-4086-6D72-B30B0D82E1FA}.Debug|Any CPU.ActiveCfg = Debug|Any CPU
		{DFC5D592-1B8D-4086-6D72-B30B0D82E1FA}.Debug|Any CPU.Build.0 = Debug|Any CPU
		{DFC5D592-1B8D-4086-6D72-B30B0D82E1FA}.Release|Any CPU.ActiveCfg = Release|Any CPU
		{DFC5D592-1B8D-4086-6D72-B30B0D82E1FA}.Release|Any CPU.Build.0 = Release|Any CPU
		{87D3A4E0-C4B7-440F-BE2A-39DB251166B2}.Debug|Any CPU.ActiveCfg = Debug|Any CPU
		{87D3A4E0-C4B7-440F-BE2A-39DB251166B2}.Debug|Any CPU.Build.0 = Debug|Any CPU
		{87D3A4E0-C4B7-440F-BE2A-39DB251166B2}.Release|Any CPU.ActiveCfg = Release|Any CPU
		{87D3A4E0-C4B7-440F-BE2A-39DB251166B2}.Release|Any CPU.Build.0 = Release|Any CPU
		{66560A6B-D25D-CBEA-2130-1528D20FD1AB}.Debug|Any CPU.ActiveCfg = Debug|Any CPU
		{66560A6B-D25D-CBEA-2130-1528D20FD1AB}.Debug|Any CPU.Build.0 = Debug|Any CPU
		{66560A6B-D25D-CBEA-2130-1528D20FD1AB}.Release|Any CPU.ActiveCfg = Release|Any CPU
		{66560A6B-D25D-CBEA-2130-1528D20FD1AB}.Release|Any CPU.Build.0 = Release|Any CPU
		{85CDE378-E67E-7BE3-82DC-5D657DA2EE65}.Debug|Any CPU.ActiveCfg = Debug|Any CPU
		{85CDE378-E67E-7BE3-82DC-5D657DA2EE65}.Debug|Any CPU.Build.0 = Debug|Any CPU
		{85CDE378-E67E-7BE3-82DC-5D657DA2EE65}.Release|Any CPU.ActiveCfg = Release|Any CPU
		{85CDE378-E67E-7BE3-82DC-5D657DA2EE65}.Release|Any CPU.Build.0 = Release|Any CPU
		{8F18E25B-3336-2F42-F59E-56813378C614}.Debug|Any CPU.ActiveCfg = Debug|Any CPU
		{8F18E25B-3336-2F42-F59E-56813378C614}.Debug|Any CPU.Build.0 = Debug|Any CPU
		{8F18E25B-3336-2F42-F59E-56813378C614}.Release|Any CPU.ActiveCfg = Release|Any CPU
		{8F18E25B-3336-2F42-F59E-56813378C614}.Release|Any CPU.Build.0 = Release|Any CPU
		{92ACCE5D-D19D-461D-52E5-5442C4F870D5}.Debug|Any CPU.ActiveCfg = Debug|Any CPU
		{92ACCE5D-D19D-461D-52E5-5442C4F870D5}.Debug|Any CPU.Build.0 = Debug|Any CPU
		{92ACCE5D-D19D-461D-52E5-5442C4F870D5}.Release|Any CPU.ActiveCfg = Release|Any CPU
		{92ACCE5D-D19D-461D-52E5-5442C4F870D5}.Release|Any CPU.Build.0 = Release|Any CPU
		{87E55AB9-4D21-8D69-CC2E-3C3958C6254E}.Debug|Any CPU.ActiveCfg = Debug|Any CPU
		{87E55AB9-4D21-8D69-CC2E-3C3958C6254E}.Debug|Any CPU.Build.0 = Debug|Any CPU
		{87E55AB9-4D21-8D69-CC2E-3C3958C6254E}.Release|Any CPU.ActiveCfg = Release|Any CPU
		{87E55AB9-4D21-8D69-CC2E-3C3958C6254E}.Release|Any CPU.Build.0 = Release|Any CPU
		{6691F56A-4D8E-A948-263B-FCF3C2E3C537}.Debug|Any CPU.ActiveCfg = Debug|Any CPU
		{6691F56A-4D8E-A948-263B-FCF3C2E3C537}.Debug|Any CPU.Build.0 = Debug|Any CPU
		{6691F56A-4D8E-A948-263B-FCF3C2E3C537}.Release|Any CPU.ActiveCfg = Release|Any CPU
		{6691F56A-4D8E-A948-263B-FCF3C2E3C537}.Release|Any CPU.Build.0 = Release|Any CPU
		{AA7E005E-0461-AB8E-A4F6-E388077024A9}.Debug|Any CPU.ActiveCfg = Debug|Any CPU
		{AA7E005E-0461-AB8E-A4F6-E388077024A9}.Debug|Any CPU.Build.0 = Debug|Any CPU
		{AA7E005E-0461-AB8E-A4F6-E388077024A9}.Release|Any CPU.ActiveCfg = Release|Any CPU
		{AA7E005E-0461-AB8E-A4F6-E388077024A9}.Release|Any CPU.Build.0 = Release|Any CPU
		{65BBC116-E1B2-3470-2F76-E6A30ECC5783}.Debug|Any CPU.ActiveCfg = Debug|Any CPU
		{65BBC116-E1B2-3470-2F76-E6A30ECC5783}.Debug|Any CPU.Build.0 = Debug|Any CPU
		{65BBC116-E1B2-3470-2F76-E6A30ECC5783}.Release|Any CPU.ActiveCfg = Release|Any CPU
		{65BBC116-E1B2-3470-2F76-E6A30ECC5783}.Release|Any CPU.Build.0 = Release|Any CPU
		{DAFBCE9D-EB7E-DBD8-8C4D-DDEEF81BDD6F}.Debug|Any CPU.ActiveCfg = Debug|Any CPU
		{DAFBCE9D-EB7E-DBD8-8C4D-DDEEF81BDD6F}.Debug|Any CPU.Build.0 = Debug|Any CPU
		{DAFBCE9D-EB7E-DBD8-8C4D-DDEEF81BDD6F}.Release|Any CPU.ActiveCfg = Release|Any CPU
		{DAFBCE9D-EB7E-DBD8-8C4D-DDEEF81BDD6F}.Release|Any CPU.Build.0 = Release|Any CPU
		{779D3F6A-374E-D644-AD37-E3565119928D}.Debug|Any CPU.ActiveCfg = Debug|Any CPU
		{779D3F6A-374E-D644-AD37-E3565119928D}.Debug|Any CPU.Build.0 = Debug|Any CPU
		{779D3F6A-374E-D644-AD37-E3565119928D}.Release|Any CPU.ActiveCfg = Release|Any CPU
		{779D3F6A-374E-D644-AD37-E3565119928D}.Release|Any CPU.Build.0 = Release|Any CPU
		{7694A3FF-56B9-AC38-C6DA-51520BB8001E}.Debug|Any CPU.ActiveCfg = Debug|Any CPU
		{7694A3FF-56B9-AC38-C6DA-51520BB8001E}.Debug|Any CPU.Build.0 = Debug|Any CPU
		{7694A3FF-56B9-AC38-C6DA-51520BB8001E}.Release|Any CPU.ActiveCfg = Release|Any CPU
		{7694A3FF-56B9-AC38-C6DA-51520BB8001E}.Release|Any CPU.Build.0 = Release|Any CPU
		{EFDADDD3-0C0D-EC0B-8FF1-B474A2065A70}.Debug|Any CPU.ActiveCfg = Debug|Any CPU
		{EFDADDD3-0C0D-EC0B-8FF1-B474A2065A70}.Debug|Any CPU.Build.0 = Debug|Any CPU
		{EFDADDD3-0C0D-EC0B-8FF1-B474A2065A70}.Release|Any CPU.ActiveCfg = Release|Any CPU
		{EFDADDD3-0C0D-EC0B-8FF1-B474A2065A70}.Release|Any CPU.Build.0 = Release|Any CPU
		{C11E15E5-E0F4-9357-487B-DF0D6E9BC7C7}.Debug|Any CPU.ActiveCfg = Debug|Any CPU
		{C11E15E5-E0F4-9357-487B-DF0D6E9BC7C7}.Debug|Any CPU.Build.0 = Debug|Any CPU
		{C11E15E5-E0F4-9357-487B-DF0D6E9BC7C7}.Release|Any CPU.ActiveCfg = Release|Any CPU
		{C11E15E5-E0F4-9357-487B-DF0D6E9BC7C7}.Release|Any CPU.Build.0 = Release|Any CPU
	EndGlobalSection
	GlobalSection(SolutionProperties) = preSolution
		HideSolutionNode = FALSE
	EndGlobalSection
EndGlobal
